// !$*UTF8*$!
{
	archiveVersion = 1;
	classes = {
	};
	objectVersion = 51;
	objects = {

/* Begin PBXBuildFile section */
		00A2A44117A84EB9BE564D22 /* FCMNotificationCenterDelegate.m in Sources */ = {isa = PBXBuildFile; fileRef = 5143FCEF41034E41A3AE26DE /* FCMNotificationCenterDelegate.m */; };
		0207DA581B56EA530066E2B4 /* Images.xcassets in Resources */ = {isa = PBXBuildFile; fileRef = 0207DA571B56EA530066E2B4 /* Images.xcassets */; };
		05EB3BCB838B419B91CDBF08 /* CDVWKWebViewUIDelegate.m in Sources */ = {isa = PBXBuildFile; fileRef = 98CD264392B049B18B810A02 /* CDVWKWebViewUIDelegate.m */; };
		0EF65E89EC9B4E6EA3B79863 /* FCMPluginIOS9Support.m in Sources */ = {isa = PBXBuildFile; fileRef = 67FF0920CE864C2EAE9FDA46 /* FCMPluginIOS9Support.m */; };
		1AB391F6253E4B01BA866F6A /* CDVWKWebViewEngine.m in Sources */ = {isa = PBXBuildFile; fileRef = BCF4E58BC6774084923D8A80 /* CDVWKWebViewEngine.m */; };
		1CB47DEE274B485893F6CA92 /* AddressBook.framework in Frameworks */ = {isa = PBXBuildFile; fileRef = 0AEA9213AB394A77915C8D5A /* AddressBook.framework */; settings = {ATTRIBUTES = (Weak, ); }; };
		1D3623260D0F684500981E51 /* AppDelegate.m in Sources */ = {isa = PBXBuildFile; fileRef = 1D3623250D0F684500981E51 /* AppDelegate.m */; };
		1D60589B0D05DD56006BFB54 /* main.m in Sources */ = {isa = PBXBuildFile; fileRef = 29B97316FDCFA39411CA2CEA /* main.m */; };
		21C07EFE73204F5586761388 /* CDVContact.m in Sources */ = {isa = PBXBuildFile; fileRef = 18766639FC894BA1933216C3 /* CDVContact.m */; };
		2956E4661CCF4D6DAB7AE251 /* Stripe.framework in Frameworks */ = {isa = PBXBuildFile; fileRef = 59D139D1DE6744C2B895F11C /* Stripe.framework */; };
		2EAA4E564F8A4661B17F7761 /* AVFoundation.framework in Frameworks */ = {isa = PBXBuildFile; fileRef = 4C322F1BA3F04B3D9828BE1C /* AVFoundation.framework */; };
		301BF552109A68D80062928A /* libCordova.a in Frameworks */ = {isa = PBXBuildFile; fileRef = 301BF535109A57CC0062928A /* libCordova.a */; settings = {ATTRIBUTES = (Required, ); }; };
		302D95F114D2391D003F00A1 /* MainViewController.m in Sources */ = {isa = PBXBuildFile; fileRef = 302D95EF14D2391D003F00A1 /* MainViewController.m */; };
		302D95F214D2391D003F00A1 /* MainViewController.xib in Resources */ = {isa = PBXBuildFile; fileRef = 302D95F014D2391D003F00A1 /* MainViewController.xib */; };
		3F0B3A2388794DFF8BB57A81 /* CDVInAppBrowserOptions.m in Sources */ = {isa = PBXBuildFile; fileRef = D1BF46FA628A45C6B171280D /* CDVInAppBrowserOptions.m */; };
		41BAE09DADE847D5923B7AE1 /* AppDelegate+FCMPlugin.m in Sources */ = {isa = PBXBuildFile; fileRef = 8747CCD074004ACAB43EE3BE /* AppDelegate+FCMPlugin.m */; };
		4E63BC9B6E224D53AE9CE504 /* WebKit.framework in Frameworks */ = {isa = PBXBuildFile; fileRef = DBED06F840EE45359883518D /* WebKit.framework */; settings = {ATTRIBUTES = (Weak, ); }; };
		4FADA5CB677B41BFB7FC1632 /* AddressBookUI.framework in Frameworks */ = {isa = PBXBuildFile; fileRef = 40D1AE4C56B349688083F72B /* AddressBookUI.framework */; settings = {ATTRIBUTES = (Weak, ); }; };
		682507951650442CB11BFCEB /* CoreLocation.framework in Frameworks */ = {isa = PBXBuildFile; fileRef = 5BE57DECFC644340BB75368B /* CoreLocation.framework */; };
		6AFF5BF91D6E424B00AB3073 /* CDVLaunchScreen.storyboard in Resources */ = {isa = PBXBuildFile; fileRef = 6AFF5BF81D6E424B00AB3073 /* CDVLaunchScreen.storyboard */; };
		71CF01007D694B348760644A /* Security.framework in Frameworks */ = {isa = PBXBuildFile; fileRef = C0EED3C28E62455A8372510A /* Security.framework */; };
		7600CB7EC1C740AC9B39E392 /* FCMPlugin.m in Sources */ = {isa = PBXBuildFile; fileRef = 309D5EC5FAF248F5A4BC410E /* FCMPlugin.m */; };
		82F1EF29200E4CFF8112E482 /* GoogleService-Info.plist in Resources */ = {isa = PBXBuildFile; fileRef = 5C6BF180B2544A22817964C7 /* GoogleService-Info.plist */; };
		881BDC0612474AF4817E821E /* CDVJpegHeaderWriter.m in Sources */ = {isa = PBXBuildFile; fileRef = FC87E3CB3BF54224B0766C8B /* CDVJpegHeaderWriter.m */; };
		885D8A8E7FF44D588DF779FB /* CDVWKProcessPoolFactory.m in Sources */ = {isa = PBXBuildFile; fileRef = D5AC835137B94B23B1633DB1 /* CDVWKProcessPoolFactory.m */; };
		89ED825ED87C4B91A4A91C00 /* CDVCamera.m in Sources */ = {isa = PBXBuildFile; fileRef = A205E5E26DD7483EB55FA274 /* CDVCamera.m */; };
		93A629C3C95F458CB25D1363 /* CDVContacts.m in Sources */ = {isa = PBXBuildFile; fileRef = DA2921EFC8084FD89B11F7D3 /* CDVContacts.m */; };
		950D99482AAE40DB80D238B9 /* CDVWKInAppBrowserUIDelegate.m in Sources */ = {isa = PBXBuildFile; fileRef = 0CBA54D3C07544818816084C /* CDVWKInAppBrowserUIDelegate.m */; };
		953A977FD8E147159FAC8FC2 /* CDVIonicKeyboard.m in Sources */ = {isa = PBXBuildFile; fileRef = 0AB2DE10FFCE453E85DA7BE8 /* CDVIonicKeyboard.m */; };
		960BB1D7E4ABE0DA927E07DD /* Pods_Guest.framework in Frameworks */ = {isa = PBXBuildFile; fileRef = 49E671E9FD9A8342949FF37B /* Pods_Guest.framework */; };
		999D59B158274D4A924BBCB4 /* UIImage+CropScaleOrientation.m in Sources */ = {isa = PBXBuildFile; fileRef = 161D9FE541D447AE9E9201AF /* UIImage+CropScaleOrientation.m */; };
		9D2190A07AC741BB82CAE396 /* CordovaStripe.m in Sources */ = {isa = PBXBuildFile; fileRef = 1858FF5864C84112BA9D3C70 /* CordovaStripe.m */; };
		A18007E83B174609A50ED92E /* IONAssetHandler.m in Sources */ = {isa = PBXBuildFile; fileRef = 9CAC7F5ECE414752B98595BC /* IONAssetHandler.m */; };
		AB67E869BF0746FE89C80CEF /* AppVersion.m in Sources */ = {isa = PBXBuildFile; fileRef = B7748488C8334F3E8E526605 /* AppVersion.m */; };
		B1B26E625E874CBF84505F8A /* CDVInAppBrowserNavigationController.m in Sources */ = {isa = PBXBuildFile; fileRef = E38D7DC110F0412DBE8D3BE5 /* CDVInAppBrowserNavigationController.m */; };
		C24A36941F6E4BC5A5BAC48C /* PhotoViewer.m in Sources */ = {isa = PBXBuildFile; fileRef = 8AF925DA49114A19A864857D /* PhotoViewer.m */; };
		CCD62CD88598421284423163 /* FacebookConnectPlugin.m in Sources */ = {isa = PBXBuildFile; fileRef = 2725CDC334024ADD9A7ADC49 /* FacebookConnectPlugin.m */; };
		D83E80CDB2BB4BF2AA306524 /* MessageUI.framework in Frameworks */ = {isa = PBXBuildFile; fileRef = BD7126AF02454B7EAD8C5989 /* MessageUI.framework */; settings = {ATTRIBUTES = (Weak, ); }; };
		DA0A595ED0964A23BB86DA5D /* UICKeyChainStore.m in Sources */ = {isa = PBXBuildFile; fileRef = 3CF85FD1362342E7AE68BD39 /* UICKeyChainStore.m */; };
		DAA460D9A5D743B9BF56432E /* Sms.m in Sources */ = {isa = PBXBuildFile; fileRef = A809474CEF964C2595E22904 /* Sms.m */; };
		DE38FFC5AE4940E0A38E7611 /* CDVUniqueDeviceID.m in Sources */ = {isa = PBXBuildFile; fileRef = 383E1C3237A94DBD84C53645 /* CDVUniqueDeviceID.m */; };
		E01C7F2F2FDE45F986AC1D24 /* CDVDevice.m in Sources */ = {isa = PBXBuildFile; fileRef = 183B198606D240B295587617 /* CDVDevice.m */; };
		EA91F0C359044459A5788B7E /* OneSignalPush.m in Sources */ = {isa = PBXBuildFile; fileRef = 3B4676B499704BA3930FD3DD /* OneSignalPush.m */; };
		EFCDC4BEBE984700B2B41C0B /* CDVClipboard.m in Sources */ = {isa = PBXBuildFile; fileRef = 6A0A17CF3FD0432CA79E5CD7 /* CDVClipboard.m */; };
		F60225D7A1624D00903C5BB6 /* CDVWKInAppBrowser.m in Sources */ = {isa = PBXBuildFile; fileRef = 60D85E5A7DAC480F97A28881 /* CDVWKInAppBrowser.m */; };
		F88161ECBB034C48A3DC5D5F /* ImageIO.framework in Frameworks */ = {isa = PBXBuildFile; fileRef = 4E6E2334060C4D8884627AF7 /* ImageIO.framework */; settings = {ATTRIBUTES = (Weak, ); }; };
		FD2E3EF108F1468A85B02AC6 /* CDVStatusBar.m in Sources */ = {isa = PBXBuildFile; fileRef = 109BD9EDA07F4827A4313A94 /* CDVStatusBar.m */; };
/* End PBXBuildFile section */

/* Begin PBXContainerItemProxy section */
		301BF534109A57CC0062928A /* PBXContainerItemProxy */ = {
			isa = PBXContainerItemProxy;
			containerPortal = 301BF52D109A57CC0062928A /* CordovaLib.xcodeproj */;
			proxyType = 2;
			remoteGlobalIDString = D2AAC07E0554694100DB518D;
			remoteInfo = CordovaLib;
		};
		301BF550109A68C00062928A /* PBXContainerItemProxy */ = {
			isa = PBXContainerItemProxy;
			containerPortal = 301BF52D109A57CC0062928A /* CordovaLib.xcodeproj */;
			proxyType = 1;
			remoteGlobalIDString = D2AAC07D0554694100DB518D;
			remoteInfo = CordovaLib;
		};
		907D8123214C687600058A10 /* PBXContainerItemProxy */ = {
			isa = PBXContainerItemProxy;
			containerPortal = 301BF52D109A57CC0062928A /* CordovaLib.xcodeproj */;
			proxyType = 2;
			remoteGlobalIDString = C0C01EB21E3911D50056E6CB;
			remoteInfo = Cordova;
		};
/* End PBXContainerItemProxy section */

/* Begin PBXFileReference section */
		01478E01B7F04C29B74B7135 /* FacebookConnectPlugin.h */ = {isa = PBXFileReference; explicitFileType = undefined; fileEncoding = 4; includeInIndex = 0; lastKnownFileType = sourcecode.c.h; name = FacebookConnectPlugin.h; path = "cordova-plugin-facebook4/FacebookConnectPlugin.h"; sourceTree = "<group>"; };
		0207DA571B56EA530066E2B4 /* Images.xcassets */ = {isa = PBXFileReference; lastKnownFileType = folder.assetcatalog; name = Images.xcassets; path = Guest/Images.xcassets; sourceTree = SOURCE_ROOT; };
		02607368A433457BBD500A7D /* CDVWKInAppBrowserUIDelegate.h */ = {isa = PBXFileReference; explicitFileType = undefined; fileEncoding = 4; includeInIndex = 0; lastKnownFileType = sourcecode.c.h; name = CDVWKInAppBrowserUIDelegate.h; path = "cordova-plugin-inappbrowser/CDVWKInAppBrowserUIDelegate.h"; sourceTree = "<group>"; };
		0AB2DE10FFCE453E85DA7BE8 /* CDVIonicKeyboard.m */ = {isa = PBXFileReference; explicitFileType = undefined; fileEncoding = 4; includeInIndex = 0; lastKnownFileType = sourcecode.c.objc; name = CDVIonicKeyboard.m; path = "cordova-plugin-ionic-keyboard/CDVIonicKeyboard.m"; sourceTree = "<group>"; };
		0AEA9213AB394A77915C8D5A /* AddressBook.framework */ = {isa = PBXFileReference; explicitFileType = undefined; fileEncoding = 9; includeInIndex = 0; lastKnownFileType = wrapper.framework; name = AddressBook.framework; path = System/Library/Frameworks/AddressBook.framework; sourceTree = SDKROOT; };
		0CBA54D3C07544818816084C /* CDVWKInAppBrowserUIDelegate.m */ = {isa = PBXFileReference; explicitFileType = undefined; fileEncoding = 4; includeInIndex = 0; lastKnownFileType = sourcecode.c.objc; name = CDVWKInAppBrowserUIDelegate.m; path = "cordova-plugin-inappbrowser/CDVWKInAppBrowserUIDelegate.m"; sourceTree = "<group>"; };
		109BD9EDA07F4827A4313A94 /* CDVStatusBar.m */ = {isa = PBXFileReference; explicitFileType = undefined; fileEncoding = 4; includeInIndex = 0; lastKnownFileType = sourcecode.c.objc; name = CDVStatusBar.m; path = "cordova-plugin-statusbar/CDVStatusBar.m"; sourceTree = "<group>"; };
		11854A9D5BF646269F2AADAC /* CDVIonicKeyboard.h */ = {isa = PBXFileReference; explicitFileType = undefined; fileEncoding = 4; includeInIndex = 0; lastKnownFileType = sourcecode.c.h; name = CDVIonicKeyboard.h; path = "cordova-plugin-ionic-keyboard/CDVIonicKeyboard.h"; sourceTree = "<group>"; };
		11E370CF8CFB4C33AB38DE49 /* UICKeyChainStore.h */ = {isa = PBXFileReference; explicitFileType = undefined; fileEncoding = 4; includeInIndex = 0; lastKnownFileType = sourcecode.c.h; name = UICKeyChainStore.h; path = "cordova-plugin-uniquedeviceid/UICKeyChainStore.h"; sourceTree = "<group>"; };
		1434890EB958432E8D791C71 /* FCMNotificationCenterDelegate.h */ = {isa = PBXFileReference; explicitFileType = undefined; fileEncoding = 4; includeInIndex = 0; lastKnownFileType = sourcecode.c.h; name = FCMNotificationCenterDelegate.h; path = "cordova-plugin-fcm-with-dependecy-updated/FCMNotificationCenterDelegate.h"; sourceTree = "<group>"; };
		161D9FE541D447AE9E9201AF /* UIImage+CropScaleOrientation.m */ = {isa = PBXFileReference; explicitFileType = undefined; fileEncoding = 4; includeInIndex = 0; lastKnownFileType = sourcecode.c.objc; name = "UIImage+CropScaleOrientation.m"; path = "cordova-plugin-camera/UIImage+CropScaleOrientation.m"; sourceTree = "<group>"; };
		183B198606D240B295587617 /* CDVDevice.m */ = {isa = PBXFileReference; explicitFileType = undefined; fileEncoding = 4; includeInIndex = 0; lastKnownFileType = sourcecode.c.objc; name = CDVDevice.m; path = "cordova-plugin-device/CDVDevice.m"; sourceTree = "<group>"; };
		1858FF5864C84112BA9D3C70 /* CordovaStripe.m */ = {isa = PBXFileReference; explicitFileType = undefined; fileEncoding = 4; includeInIndex = 0; lastKnownFileType = sourcecode.c.objc; name = CordovaStripe.m; path = "cordova-plugin-stripe/CordovaStripe.m"; sourceTree = "<group>"; };
		18766639FC894BA1933216C3 /* CDVContact.m */ = {isa = PBXFileReference; explicitFileType = undefined; fileEncoding = 4; includeInIndex = 0; lastKnownFileType = sourcecode.c.objc; name = CDVContact.m; path = "cordova-plugin-contacts/CDVContact.m"; sourceTree = "<group>"; };
		195995C8DEDA4FD38DDF4224 /* CDVInAppBrowserNavigationController.h */ = {isa = PBXFileReference; explicitFileType = undefined; fileEncoding = 4; includeInIndex = 0; lastKnownFileType = sourcecode.c.h; name = CDVInAppBrowserNavigationController.h; path = "cordova-plugin-inappbrowser/CDVInAppBrowserNavigationController.h"; sourceTree = "<group>"; };
		1D3623240D0F684500981E51 /* AppDelegate.h */ = {isa = PBXFileReference; fileEncoding = 4; lastKnownFileType = sourcecode.c.h; path = AppDelegate.h; sourceTree = "<group>"; };
		1D3623250D0F684500981E51 /* AppDelegate.m */ = {isa = PBXFileReference; fileEncoding = 4; lastKnownFileType = sourcecode.c.objc; path = AppDelegate.m; sourceTree = "<group>"; };
		1D6058910D05DD3D006BFB54 /* Guest.app */ = {isa = PBXFileReference; explicitFileType = wrapper.application; includeInIndex = 0; path = Guest.app; sourceTree = BUILT_PRODUCTS_DIR; };
		1D6C0FC07FA743DA9FD67F7E /* CDVContacts.h */ = {isa = PBXFileReference; explicitFileType = undefined; fileEncoding = 4; includeInIndex = 0; lastKnownFileType = sourcecode.c.h; name = CDVContacts.h; path = "cordova-plugin-contacts/CDVContacts.h"; sourceTree = "<group>"; };
		215304B218A846B1A43CF3BA /* AppDelegate+FCMPlugin.h */ = {isa = PBXFileReference; explicitFileType = undefined; fileEncoding = 4; includeInIndex = 0; lastKnownFileType = sourcecode.c.h; name = "AppDelegate+FCMPlugin.h"; path = "cordova-plugin-fcm-with-dependecy-updated/AppDelegate+FCMPlugin.h"; sourceTree = "<group>"; };
		26B8047EC5F04F189E5D59F1 /* CDVWKWebViewEngine.h */ = {isa = PBXFileReference; explicitFileType = undefined; fileEncoding = 4; includeInIndex = 0; lastKnownFileType = sourcecode.c.h; name = CDVWKWebViewEngine.h; path = "cordova-plugin-ionic-webview/CDVWKWebViewEngine.h"; sourceTree = "<group>"; };
		2725CDC334024ADD9A7ADC49 /* FacebookConnectPlugin.m */ = {isa = PBXFileReference; explicitFileType = undefined; fileEncoding = 4; includeInIndex = 0; lastKnownFileType = sourcecode.c.objc; name = FacebookConnectPlugin.m; path = "cordova-plugin-facebook4/FacebookConnectPlugin.m"; sourceTree = "<group>"; };
		29B97316FDCFA39411CA2CEA /* main.m */ = {isa = PBXFileReference; fileEncoding = 4; lastKnownFileType = sourcecode.c.objc; path = main.m; sourceTree = "<group>"; };
		2F7611B5DD1B432D88202E0B /* OneSignalPush.h */ = {isa = PBXFileReference; explicitFileType = undefined; fileEncoding = 4; includeInIndex = 0; lastKnownFileType = sourcecode.c.h; name = OneSignalPush.h; path = "onesignal-cordova-plugin/OneSignalPush.h"; sourceTree = "<group>"; };
		301BF52D109A57CC0062928A /* CordovaLib.xcodeproj */ = {isa = PBXFileReference; lastKnownFileType = "wrapper.pb-project"; name = CordovaLib.xcodeproj; path = CordovaLib/CordovaLib.xcodeproj; sourceTree = "<group>"; };
		301BF56E109A69640062928A /* www */ = {isa = PBXFileReference; lastKnownFileType = folder; path = www; sourceTree = SOURCE_ROOT; };
		302D95EE14D2391D003F00A1 /* MainViewController.h */ = {isa = PBXFileReference; fileEncoding = 4; lastKnownFileType = sourcecode.c.h; path = MainViewController.h; sourceTree = "<group>"; };
		302D95EF14D2391D003F00A1 /* MainViewController.m */ = {isa = PBXFileReference; fileEncoding = 4; lastKnownFileType = sourcecode.c.objc; path = MainViewController.m; sourceTree = "<group>"; };
		302D95F014D2391D003F00A1 /* MainViewController.xib */ = {isa = PBXFileReference; fileEncoding = 4; lastKnownFileType = file.xib; path = MainViewController.xib; sourceTree = "<group>"; };
		3047A50F1AB8059700498E2A /* build-debug.xcconfig */ = {isa = PBXFileReference; fileEncoding = 4; lastKnownFileType = text.xcconfig; name = "build-debug.xcconfig"; path = "cordova/build-debug.xcconfig"; sourceTree = SOURCE_ROOT; };
		3047A5101AB8059700498E2A /* build-release.xcconfig */ = {isa = PBXFileReference; fileEncoding = 4; lastKnownFileType = text.xcconfig; name = "build-release.xcconfig"; path = "cordova/build-release.xcconfig"; sourceTree = SOURCE_ROOT; };
		3047A5111AB8059700498E2A /* build.xcconfig */ = {isa = PBXFileReference; fileEncoding = 4; lastKnownFileType = text.xcconfig; name = build.xcconfig; path = cordova/build.xcconfig; sourceTree = SOURCE_ROOT; };
		309D5EC5FAF248F5A4BC410E /* FCMPlugin.m */ = {isa = PBXFileReference; explicitFileType = undefined; fileEncoding = 4; includeInIndex = 0; lastKnownFileType = sourcecode.c.objc; name = FCMPlugin.m; path = "cordova-plugin-fcm-with-dependecy-updated/FCMPlugin.m"; sourceTree = "<group>"; };
		32CA4F630368D1EE00C91783 /* Guest-Prefix.pch */ = {isa = PBXFileReference; fileEncoding = 4; lastKnownFileType = sourcecode.c.h; path = "Guest-Prefix.pch"; sourceTree = "<group>"; };
		383E1C3237A94DBD84C53645 /* CDVUniqueDeviceID.m */ = {isa = PBXFileReference; explicitFileType = undefined; fileEncoding = 4; includeInIndex = 0; lastKnownFileType = sourcecode.c.objc; name = CDVUniqueDeviceID.m; path = "cordova-plugin-uniquedeviceid/CDVUniqueDeviceID.m"; sourceTree = "<group>"; };
		3B4676B499704BA3930FD3DD /* OneSignalPush.m */ = {isa = PBXFileReference; explicitFileType = undefined; fileEncoding = 4; includeInIndex = 0; lastKnownFileType = sourcecode.c.objc; name = OneSignalPush.m; path = "onesignal-cordova-plugin/OneSignalPush.m"; sourceTree = "<group>"; };
		3CF85FD1362342E7AE68BD39 /* UICKeyChainStore.m */ = {isa = PBXFileReference; explicitFileType = undefined; fileEncoding = 4; includeInIndex = 0; lastKnownFileType = sourcecode.c.objc; name = UICKeyChainStore.m; path = "cordova-plugin-uniquedeviceid/UICKeyChainStore.m"; sourceTree = "<group>"; };
		3FD3FFEE4FCD416284630222 /* CDVJpegHeaderWriter.h */ = {isa = PBXFileReference; explicitFileType = undefined; fileEncoding = 4; includeInIndex = 0; lastKnownFileType = sourcecode.c.h; name = CDVJpegHeaderWriter.h; path = "cordova-plugin-camera/CDVJpegHeaderWriter.h"; sourceTree = "<group>"; };
		40D1AE4C56B349688083F72B /* AddressBookUI.framework */ = {isa = PBXFileReference; explicitFileType = undefined; fileEncoding = 9; includeInIndex = 0; lastKnownFileType = wrapper.framework; name = AddressBookUI.framework; path = System/Library/Frameworks/AddressBookUI.framework; sourceTree = SDKROOT; };
		49E671E9FD9A8342949FF37B /* Pods_Guest.framework */ = {isa = PBXFileReference; explicitFileType = wrapper.framework; includeInIndex = 0; path = Pods_Guest.framework; sourceTree = BUILT_PRODUCTS_DIR; };
		4BF1BCA9170D480F9F36D1D4 /* CDVWKProcessPoolFactory.h */ = {isa = PBXFileReference; explicitFileType = undefined; fileEncoding = 4; includeInIndex = 0; lastKnownFileType = sourcecode.c.h; name = CDVWKProcessPoolFactory.h; path = "cordova-plugin-ionic-webview/CDVWKProcessPoolFactory.h"; sourceTree = "<group>"; };
		4C322F1BA3F04B3D9828BE1C /* AVFoundation.framework */ = {isa = PBXFileReference; explicitFileType = undefined; fileEncoding = 9; includeInIndex = 0; lastKnownFileType = wrapper.framework; name = AVFoundation.framework; path = System/Library/Frameworks/AVFoundation.framework; sourceTree = SDKROOT; };
		4E6E2334060C4D8884627AF7 /* ImageIO.framework */ = {isa = PBXFileReference; explicitFileType = undefined; fileEncoding = 9; includeInIndex = 0; lastKnownFileType = wrapper.framework; name = ImageIO.framework; path = System/Library/Frameworks/ImageIO.framework; sourceTree = SDKROOT; };
		5143FCEF41034E41A3AE26DE /* FCMNotificationCenterDelegate.m */ = {isa = PBXFileReference; explicitFileType = undefined; fileEncoding = 4; includeInIndex = 0; lastKnownFileType = sourcecode.c.objc; name = FCMNotificationCenterDelegate.m; path = "cordova-plugin-fcm-with-dependecy-updated/FCMNotificationCenterDelegate.m"; sourceTree = "<group>"; };
		522ADD20C52542FFAA4A9E6C /* CDVDevice.h */ = {isa = PBXFileReference; explicitFileType = undefined; fileEncoding = 4; includeInIndex = 0; lastKnownFileType = sourcecode.c.h; name = CDVDevice.h; path = "cordova-plugin-device/CDVDevice.h"; sourceTree = "<group>"; };
		546ED6F849724738A98D311F /* AppVersion.h */ = {isa = PBXFileReference; explicitFileType = undefined; fileEncoding = 4; includeInIndex = 0; lastKnownFileType = sourcecode.c.h; name = AppVersion.h; path = "cordova-plugin-app-version/AppVersion.h"; sourceTree = "<group>"; };
		59D139D1DE6744C2B895F11C /* Stripe.framework */ = {isa = PBXFileReference; explicitFileType = undefined; fileEncoding = 9; includeInIndex = 0; lastKnownFileType = wrapper.framework; name = Stripe.framework; path = "Guest/Plugins/cordova-plugin-stripe/Stripe.framework"; sourceTree = "<group>"; };
		5BE57DECFC644340BB75368B /* CoreLocation.framework */ = {isa = PBXFileReference; explicitFileType = undefined; fileEncoding = 9; includeInIndex = 0; lastKnownFileType = wrapper.framework; name = CoreLocation.framework; path = System/Library/Frameworks/CoreLocation.framework; sourceTree = SDKROOT; };
		5C6BF180B2544A22817964C7 /* GoogleService-Info.plist */ = {isa = PBXFileReference; explicitFileType = undefined; fileEncoding = 4; includeInIndex = 0; lastKnownFileType = text.plist.xml; name = "GoogleService-Info.plist"; path = "Resources/GoogleService-Info.plist"; sourceTree = "<group>"; };
		5F4ACC02BE7C4D48BAB2190E /* IONAssetHandler.h */ = {isa = PBXFileReference; explicitFileType = undefined; fileEncoding = 4; includeInIndex = 0; lastKnownFileType = sourcecode.c.h; name = IONAssetHandler.h; path = "cordova-plugin-ionic-webview/IONAssetHandler.h"; sourceTree = "<group>"; };
		60D85E5A7DAC480F97A28881 /* CDVWKInAppBrowser.m */ = {isa = PBXFileReference; explicitFileType = undefined; fileEncoding = 4; includeInIndex = 0; lastKnownFileType = sourcecode.c.objc; name = CDVWKInAppBrowser.m; path = "cordova-plugin-inappbrowser/CDVWKInAppBrowser.m"; sourceTree = "<group>"; };
		67FF0920CE864C2EAE9FDA46 /* FCMPluginIOS9Support.m */ = {isa = PBXFileReference; explicitFileType = undefined; fileEncoding = 4; includeInIndex = 0; lastKnownFileType = sourcecode.c.objc; name = FCMPluginIOS9Support.m; path = "cordova-plugin-fcm-with-dependecy-updated/FCMPluginIOS9Support.m"; sourceTree = "<group>"; };
		6A0A17CF3FD0432CA79E5CD7 /* CDVClipboard.m */ = {isa = PBXFileReference; explicitFileType = undefined; fileEncoding = 4; includeInIndex = 0; lastKnownFileType = sourcecode.c.objc; name = CDVClipboard.m; path = "cordova-clipboard/CDVClipboard.m"; sourceTree = "<group>"; };
		6AFF5BF81D6E424B00AB3073 /* CDVLaunchScreen.storyboard */ = {isa = PBXFileReference; fileEncoding = 4; lastKnownFileType = file.storyboard; name = CDVLaunchScreen.storyboard; path = Guest/CDVLaunchScreen.storyboard; sourceTree = SOURCE_ROOT; };
		7C7DE0F7BAAB4FE6A2DA6352 /* Sms.h */ = {isa = PBXFileReference; explicitFileType = undefined; fileEncoding = 4; includeInIndex = 0; lastKnownFileType = sourcecode.c.h; name = Sms.h; path = "cordova-sms-plugin/Sms.h"; sourceTree = "<group>"; };
		7CC89C2413604A7FBDE9CAB4 /* CDVClipboard.h */ = {isa = PBXFileReference; explicitFileType = undefined; fileEncoding = 4; includeInIndex = 0; lastKnownFileType = sourcecode.c.h; name = CDVClipboard.h; path = "cordova-clipboard/CDVClipboard.h"; sourceTree = "<group>"; };
		81EB0164B3C043599D456D9B /* FCMPlugin.h */ = {isa = PBXFileReference; explicitFileType = undefined; fileEncoding = 4; includeInIndex = 0; lastKnownFileType = sourcecode.c.h; name = FCMPlugin.h; path = "cordova-plugin-fcm-with-dependecy-updated/FCMPlugin.h"; sourceTree = "<group>"; };
		8747CCD074004ACAB43EE3BE /* AppDelegate+FCMPlugin.m */ = {isa = PBXFileReference; explicitFileType = undefined; fileEncoding = 4; includeInIndex = 0; lastKnownFileType = sourcecode.c.objc; name = "AppDelegate+FCMPlugin.m"; path = "cordova-plugin-fcm-with-dependecy-updated/AppDelegate+FCMPlugin.m"; sourceTree = "<group>"; };
		88885D16E1DE4F7EB4CDC061 /* FCMPluginIOS9Support.h */ = {isa = PBXFileReference; explicitFileType = undefined; fileEncoding = 4; includeInIndex = 0; lastKnownFileType = sourcecode.c.h; name = FCMPluginIOS9Support.h; path = "cordova-plugin-fcm-with-dependecy-updated/FCMPluginIOS9Support.h"; sourceTree = "<group>"; };
		8AF925DA49114A19A864857D /* PhotoViewer.m */ = {isa = PBXFileReference; explicitFileType = undefined; fileEncoding = 4; includeInIndex = 0; lastKnownFileType = sourcecode.c.objc; name = PhotoViewer.m; path = "com-sarriaroman-photoviewer/PhotoViewer.m"; sourceTree = "<group>"; };
		8D1107310486CEB800E47090 /* Guest-Info.plist */ = {isa = PBXFileReference; fileEncoding = 4; lastKnownFileType = text.plist.xml; name = "Guest-Info.plist"; path = "Guest/Guest-Info.plist"; plistStructureDefinitionIdentifier = "com.apple.xcode.plist.structure-definition.iphone.info-plist"; sourceTree = SOURCE_ROOT; };
		95984B28ECE24DC4A4B0831D /* UIImage+CropScaleOrientation.h */ = {isa = PBXFileReference; explicitFileType = undefined; fileEncoding = 4; includeInIndex = 0; lastKnownFileType = sourcecode.c.h; name = "UIImage+CropScaleOrientation.h"; path = "cordova-plugin-camera/UIImage+CropScaleOrientation.h"; sourceTree = "<group>"; };
		98CD264392B049B18B810A02 /* CDVWKWebViewUIDelegate.m */ = {isa = PBXFileReference; explicitFileType = undefined; fileEncoding = 4; includeInIndex = 0; lastKnownFileType = sourcecode.c.objc; name = CDVWKWebViewUIDelegate.m; path = "cordova-plugin-ionic-webview/CDVWKWebViewUIDelegate.m"; sourceTree = "<group>"; };
		9CAC7F5ECE414752B98595BC /* IONAssetHandler.m */ = {isa = PBXFileReference; explicitFileType = undefined; fileEncoding = 4; includeInIndex = 0; lastKnownFileType = sourcecode.c.objc; name = IONAssetHandler.m; path = "cordova-plugin-ionic-webview/IONAssetHandler.m"; sourceTree = "<group>"; };
		9F101BD793E242EB9C235890 /* CDVContact.h */ = {isa = PBXFileReference; explicitFileType = undefined; fileEncoding = 4; includeInIndex = 0; lastKnownFileType = sourcecode.c.h; name = CDVContact.h; path = "cordova-plugin-contacts/CDVContact.h"; sourceTree = "<group>"; };
		A0B1AFF1CB8F42F7A408E167 /* CDVStatusBar.h */ = {isa = PBXFileReference; explicitFileType = undefined; fileEncoding = 4; includeInIndex = 0; lastKnownFileType = sourcecode.c.h; name = CDVStatusBar.h; path = "cordova-plugin-statusbar/CDVStatusBar.h"; sourceTree = "<group>"; };
		A0F10314DEF2468E8A70C868 /* CDVCamera.h */ = {isa = PBXFileReference; explicitFileType = undefined; fileEncoding = 4; includeInIndex = 0; lastKnownFileType = sourcecode.c.h; name = CDVCamera.h; path = "cordova-plugin-camera/CDVCamera.h"; sourceTree = "<group>"; };
		A205E5E26DD7483EB55FA274 /* CDVCamera.m */ = {isa = PBXFileReference; explicitFileType = undefined; fileEncoding = 4; includeInIndex = 0; lastKnownFileType = sourcecode.c.objc; name = CDVCamera.m; path = "cordova-plugin-camera/CDVCamera.m"; sourceTree = "<group>"; };
		A809474CEF964C2595E22904 /* Sms.m */ = {isa = PBXFileReference; explicitFileType = undefined; fileEncoding = 4; includeInIndex = 0; lastKnownFileType = sourcecode.c.objc; name = Sms.m; path = "cordova-sms-plugin/Sms.m"; sourceTree = "<group>"; };
		ABB0BAB4EDC44B8BA2C087E0 /* CDVInAppBrowserOptions.h */ = {isa = PBXFileReference; explicitFileType = undefined; fileEncoding = 4; includeInIndex = 0; lastKnownFileType = sourcecode.c.h; name = CDVInAppBrowserOptions.h; path = "cordova-plugin-inappbrowser/CDVInAppBrowserOptions.h"; sourceTree = "<group>"; };
		B7748488C8334F3E8E526605 /* AppVersion.m */ = {isa = PBXFileReference; explicitFileType = undefined; fileEncoding = 4; includeInIndex = 0; lastKnownFileType = sourcecode.c.objc; name = AppVersion.m; path = "cordova-plugin-app-version/AppVersion.m"; sourceTree = "<group>"; };
		B9B1C417E150468EA2D57CF6 /* CDVUniqueDeviceID.h */ = {isa = PBXFileReference; explicitFileType = undefined; fileEncoding = 4; includeInIndex = 0; lastKnownFileType = sourcecode.c.h; name = CDVUniqueDeviceID.h; path = "cordova-plugin-uniquedeviceid/CDVUniqueDeviceID.h"; sourceTree = "<group>"; };
		BCF4E58BC6774084923D8A80 /* CDVWKWebViewEngine.m */ = {isa = PBXFileReference; explicitFileType = undefined; fileEncoding = 4; includeInIndex = 0; lastKnownFileType = sourcecode.c.objc; name = CDVWKWebViewEngine.m; path = "cordova-plugin-ionic-webview/CDVWKWebViewEngine.m"; sourceTree = "<group>"; };
		BD7126AF02454B7EAD8C5989 /* MessageUI.framework */ = {isa = PBXFileReference; explicitFileType = undefined; fileEncoding = 9; includeInIndex = 0; lastKnownFileType = wrapper.framework; name = MessageUI.framework; path = System/Library/Frameworks/MessageUI.framework; sourceTree = SDKROOT; };
		C0EED3C28E62455A8372510A /* Security.framework */ = {isa = PBXFileReference; explicitFileType = undefined; fileEncoding = 9; includeInIndex = 0; lastKnownFileType = wrapper.framework; name = Security.framework; path = System/Library/Frameworks/Security.framework; sourceTree = SDKROOT; };
		D1BF46FA628A45C6B171280D /* CDVInAppBrowserOptions.m */ = {isa = PBXFileReference; explicitFileType = undefined; fileEncoding = 4; includeInIndex = 0; lastKnownFileType = sourcecode.c.objc; name = CDVInAppBrowserOptions.m; path = "cordova-plugin-inappbrowser/CDVInAppBrowserOptions.m"; sourceTree = "<group>"; };
		D5AC835137B94B23B1633DB1 /* CDVWKProcessPoolFactory.m */ = {isa = PBXFileReference; explicitFileType = undefined; fileEncoding = 4; includeInIndex = 0; lastKnownFileType = sourcecode.c.objc; name = CDVWKProcessPoolFactory.m; path = "cordova-plugin-ionic-webview/CDVWKProcessPoolFactory.m"; sourceTree = "<group>"; };
		DA2921EFC8084FD89B11F7D3 /* CDVContacts.m */ = {isa = PBXFileReference; explicitFileType = undefined; fileEncoding = 4; includeInIndex = 0; lastKnownFileType = sourcecode.c.objc; name = CDVContacts.m; path = "cordova-plugin-contacts/CDVContacts.m"; sourceTree = "<group>"; };
		DBED06F840EE45359883518D /* WebKit.framework */ = {isa = PBXFileReference; explicitFileType = undefined; fileEncoding = 9; includeInIndex = 0; lastKnownFileType = wrapper.framework; name = WebKit.framework; path = System/Library/Frameworks/WebKit.framework; sourceTree = SDKROOT; };
		DCBADC6A4EE7408393527096 /* CDVWKInAppBrowser.h */ = {isa = PBXFileReference; explicitFileType = undefined; fileEncoding = 4; includeInIndex = 0; lastKnownFileType = sourcecode.c.h; name = CDVWKInAppBrowser.h; path = "cordova-plugin-inappbrowser/CDVWKInAppBrowser.h"; sourceTree = "<group>"; };
		DECDD6ED58413E9319B79CCE /* Pods-Guest.release.xcconfig */ = {isa = PBXFileReference; includeInIndex = 1; lastKnownFileType = text.xcconfig; name = "Pods-Guest.release.xcconfig"; path = "Target Support Files/Pods-Guest/Pods-Guest.release.xcconfig"; sourceTree = "<group>"; };
		E2A90BA6D90458603EADD555 /* Pods-Guest.debug.xcconfig */ = {isa = PBXFileReference; includeInIndex = 1; lastKnownFileType = text.xcconfig; name = "Pods-Guest.debug.xcconfig"; path = "Target Support Files/Pods-Guest/Pods-Guest.debug.xcconfig"; sourceTree = "<group>"; };
		E38D7DC110F0412DBE8D3BE5 /* CDVInAppBrowserNavigationController.m */ = {isa = PBXFileReference; explicitFileType = undefined; fileEncoding = 4; includeInIndex = 0; lastKnownFileType = sourcecode.c.objc; name = CDVInAppBrowserNavigationController.m; path = "cordova-plugin-inappbrowser/CDVInAppBrowserNavigationController.m"; sourceTree = "<group>"; };
		E4CD378D981D4FC8BC684A28 /* CDVExif.h */ = {isa = PBXFileReference; explicitFileType = undefined; fileEncoding = 4; includeInIndex = 0; lastKnownFileType = sourcecode.c.h; name = CDVExif.h; path = "cordova-plugin-camera/CDVExif.h"; sourceTree = "<group>"; };
		E678566F81294788A9690064 /* CDVWKWebViewUIDelegate.h */ = {isa = PBXFileReference; explicitFileType = undefined; fileEncoding = 4; includeInIndex = 0; lastKnownFileType = sourcecode.c.h; name = CDVWKWebViewUIDelegate.h; path = "cordova-plugin-ionic-webview/CDVWKWebViewUIDelegate.h"; sourceTree = "<group>"; };
		EB87FDF31871DA8E0020F90C /* www */ = {isa = PBXFileReference; lastKnownFileType = folder; name = www; path = ../../www; sourceTree = "<group>"; };
		EB87FDF41871DAF40020F90C /* config.xml */ = {isa = PBXFileReference; lastKnownFileType = text.xml; name = config.xml; path = ../../config.xml; sourceTree = "<group>"; };
		ED33DF2A687741AEAF9F8254 /* Bridging-Header.h */ = {isa = PBXFileReference; fileEncoding = 4; lastKnownFileType = sourcecode.c.h; path = "Bridging-Header.h"; sourceTree = "<group>"; };
		F840E1F0165FE0F500CFE078 /* config.xml */ = {isa = PBXFileReference; lastKnownFileType = text.xml; name = config.xml; path = Guest/config.xml; sourceTree = "<group>"; };
		FB80395C5A4945169D6652E9 /* CordovaStripe.h */ = {isa = PBXFileReference; explicitFileType = undefined; fileEncoding = 4; includeInIndex = 0; lastKnownFileType = sourcecode.c.h; name = CordovaStripe.h; path = "cordova-plugin-stripe/CordovaStripe.h"; sourceTree = "<group>"; };
		FC87E3CB3BF54224B0766C8B /* CDVJpegHeaderWriter.m */ = {isa = PBXFileReference; explicitFileType = undefined; fileEncoding = 4; includeInIndex = 0; lastKnownFileType = sourcecode.c.objc; name = CDVJpegHeaderWriter.m; path = "cordova-plugin-camera/CDVJpegHeaderWriter.m"; sourceTree = "<group>"; };
/* End PBXFileReference section */

/* Begin PBXFrameworksBuildPhase section */
		1D60588F0D05DD3D006BFB54 /* Frameworks */ = {
			isa = PBXFrameworksBuildPhase;
			buildActionMask = 2147483647;
			files = (
				301BF552109A68D80062928A /* libCordova.a in Frameworks */,
				F88161ECBB034C48A3DC5D5F /* ImageIO.framework in Frameworks */,
				682507951650442CB11BFCEB /* CoreLocation.framework in Frameworks */,
				2EAA4E564F8A4661B17F7761 /* AVFoundation.framework in Frameworks */,
				1CB47DEE274B485893F6CA92 /* AddressBook.framework in Frameworks */,
				4FADA5CB677B41BFB7FC1632 /* AddressBookUI.framework in Frameworks */,
				960BB1D7E4ABE0DA927E07DD /* Pods_Guest.framework in Frameworks */,
				4E63BC9B6E224D53AE9CE504 /* WebKit.framework in Frameworks */,
				2956E4661CCF4D6DAB7AE251 /* Stripe.framework in Frameworks */,
				71CF01007D694B348760644A /* Security.framework in Frameworks */,
				D83E80CDB2BB4BF2AA306524 /* MessageUI.framework in Frameworks */,
			);
			runOnlyForDeploymentPostprocessing = 0;
		};
/* End PBXFrameworksBuildPhase section */

/* Begin PBXGroup section */
		080E96DDFE201D6D7F000001 /* Classes */ = {
			isa = PBXGroup;
			children = (
				302D95EE14D2391D003F00A1 /* MainViewController.h */,
				302D95EF14D2391D003F00A1 /* MainViewController.m */,
				302D95F014D2391D003F00A1 /* MainViewController.xib */,
				1D3623240D0F684500981E51 /* AppDelegate.h */,
				1D3623250D0F684500981E51 /* AppDelegate.m */,
			);
			name = Classes;
			path = Guest/Classes;
			sourceTree = SOURCE_ROOT;
		};
		19C28FACFE9D520D11CA2CBB /* Products */ = {
			isa = PBXGroup;
			children = (
				1D6058910D05DD3D006BFB54 /* Guest.app */,
			);
			name = Products;
			sourceTree = "<group>";
		};
		29B97314FDCFA39411CA2CEA /* CustomTemplate */ = {
			isa = PBXGroup;
			children = (
				EB87FDF41871DAF40020F90C /* config.xml */,
				EB87FDF31871DA8E0020F90C /* www */,
				EB87FDF11871DA420020F90C /* Staging */,
				301BF52D109A57CC0062928A /* CordovaLib.xcodeproj */,
				080E96DDFE201D6D7F000001 /* Classes */,
				307C750510C5A3420062BCA9 /* Plugins */,
				29B97315FDCFA39411CA2CEA /* Other Sources */,
				29B97317FDCFA39411CA2CEA /* Resources */,
				29B97323FDCFA39411CA2CEA /* Frameworks */,
				19C28FACFE9D520D11CA2CBB /* Products */,
				933D1F467997C71D05EBE17D /* Pods */,
			);
			name = CustomTemplate;
			sourceTree = "<group>";
		};
		29B97315FDCFA39411CA2CEA /* Other Sources */ = {
			isa = PBXGroup;
			children = (
				32CA4F630368D1EE00C91783 /* Guest-Prefix.pch */,
				29B97316FDCFA39411CA2CEA /* main.m */,
				ED33DF2A687741AEAF9F8254 /* Bridging-Header.h */,
			);
			name = "Other Sources";
			path = Guest;
			sourceTree = "<group>";
		};
		29B97317FDCFA39411CA2CEA /* Resources */ = {
			isa = PBXGroup;
			children = (
				0207DA571B56EA530066E2B4 /* Images.xcassets */,
				3047A50E1AB8057F00498E2A /* config */,
				8D1107310486CEB800E47090 /* Guest-Info.plist */,
				6AFF5BF81D6E424B00AB3073 /* CDVLaunchScreen.storyboard */,
				5C6BF180B2544A22817964C7 /* GoogleService-Info.plist */,
			);
			name = Resources;
			path = Guest/Resources;
			sourceTree = "<group>";
		};
		29B97323FDCFA39411CA2CEA /* Frameworks */ = {
			isa = PBXGroup;
			children = (
				4E6E2334060C4D8884627AF7 /* ImageIO.framework */,
				5BE57DECFC644340BB75368B /* CoreLocation.framework */,
				4C322F1BA3F04B3D9828BE1C /* AVFoundation.framework */,
				0AEA9213AB394A77915C8D5A /* AddressBook.framework */,
				40D1AE4C56B349688083F72B /* AddressBookUI.framework */,
				49E671E9FD9A8342949FF37B /* Pods_Guest.framework */,
				DBED06F840EE45359883518D /* WebKit.framework */,
				59D139D1DE6744C2B895F11C /* Stripe.framework */,
				C0EED3C28E62455A8372510A /* Security.framework */,
				BD7126AF02454B7EAD8C5989 /* MessageUI.framework */,
			);
			name = Frameworks;
			sourceTree = "<group>";
		};
		301BF52E109A57CC0062928A /* Products */ = {
			isa = PBXGroup;
			children = (
				301BF535109A57CC0062928A /* libCordova.a */,
				907D8124214C687600058A10 /* Cordova.framework */,
			);
			name = Products;
			sourceTree = "<group>";
		};
		3047A50E1AB8057F00498E2A /* config */ = {
			isa = PBXGroup;
			children = (
				3047A50F1AB8059700498E2A /* build-debug.xcconfig */,
				3047A5101AB8059700498E2A /* build-release.xcconfig */,
				3047A5111AB8059700498E2A /* build.xcconfig */,
			);
			name = config;
			sourceTree = "<group>";
		};
		307C750510C5A3420062BCA9 /* Plugins */ = {
			isa = PBXGroup;
			children = (
				8AF925DA49114A19A864857D /* PhotoViewer.m */,
				6A0A17CF3FD0432CA79E5CD7 /* CDVClipboard.m */,
				7CC89C2413604A7FBDE9CAB4 /* CDVClipboard.h */,
				B7748488C8334F3E8E526605 /* AppVersion.m */,
				546ED6F849724738A98D311F /* AppVersion.h */,
				161D9FE541D447AE9E9201AF /* UIImage+CropScaleOrientation.m */,
				A205E5E26DD7483EB55FA274 /* CDVCamera.m */,
				FC87E3CB3BF54224B0766C8B /* CDVJpegHeaderWriter.m */,
				95984B28ECE24DC4A4B0831D /* UIImage+CropScaleOrientation.h */,
				A0F10314DEF2468E8A70C868 /* CDVCamera.h */,
				3FD3FFEE4FCD416284630222 /* CDVJpegHeaderWriter.h */,
				E4CD378D981D4FC8BC684A28 /* CDVExif.h */,
				DA2921EFC8084FD89B11F7D3 /* CDVContacts.m */,
				18766639FC894BA1933216C3 /* CDVContact.m */,
				1D6C0FC07FA743DA9FD67F7E /* CDVContacts.h */,
				9F101BD793E242EB9C235890 /* CDVContact.h */,
				183B198606D240B295587617 /* CDVDevice.m */,
				522ADD20C52542FFAA4A9E6C /* CDVDevice.h */,
				2725CDC334024ADD9A7ADC49 /* FacebookConnectPlugin.m */,
				01478E01B7F04C29B74B7135 /* FacebookConnectPlugin.h */,
				309D5EC5FAF248F5A4BC410E /* FCMPlugin.m */,
				8747CCD074004ACAB43EE3BE /* AppDelegate+FCMPlugin.m */,
				67FF0920CE864C2EAE9FDA46 /* FCMPluginIOS9Support.m */,
				5143FCEF41034E41A3AE26DE /* FCMNotificationCenterDelegate.m */,
				81EB0164B3C043599D456D9B /* FCMPlugin.h */,
				215304B218A846B1A43CF3BA /* AppDelegate+FCMPlugin.h */,
				88885D16E1DE4F7EB4CDC061 /* FCMPluginIOS9Support.h */,
				1434890EB958432E8D791C71 /* FCMNotificationCenterDelegate.h */,
				0AB2DE10FFCE453E85DA7BE8 /* CDVIonicKeyboard.m */,
				11854A9D5BF646269F2AADAC /* CDVIonicKeyboard.h */,
				BCF4E58BC6774084923D8A80 /* CDVWKWebViewEngine.m */,
				98CD264392B049B18B810A02 /* CDVWKWebViewUIDelegate.m */,
				D5AC835137B94B23B1633DB1 /* CDVWKProcessPoolFactory.m */,
				9CAC7F5ECE414752B98595BC /* IONAssetHandler.m */,
				26B8047EC5F04F189E5D59F1 /* CDVWKWebViewEngine.h */,
				E678566F81294788A9690064 /* CDVWKWebViewUIDelegate.h */,
				4BF1BCA9170D480F9F36D1D4 /* CDVWKProcessPoolFactory.h */,
				5F4ACC02BE7C4D48BAB2190E /* IONAssetHandler.h */,
				109BD9EDA07F4827A4313A94 /* CDVStatusBar.m */,
				A0B1AFF1CB8F42F7A408E167 /* CDVStatusBar.h */,
				1858FF5864C84112BA9D3C70 /* CordovaStripe.m */,
				FB80395C5A4945169D6652E9 /* CordovaStripe.h */,
				3CF85FD1362342E7AE68BD39 /* UICKeyChainStore.m */,
				383E1C3237A94DBD84C53645 /* CDVUniqueDeviceID.m */,
				11E370CF8CFB4C33AB38DE49 /* UICKeyChainStore.h */,
				B9B1C417E150468EA2D57CF6 /* CDVUniqueDeviceID.h */,
				A809474CEF964C2595E22904 /* Sms.m */,
				7C7DE0F7BAAB4FE6A2DA6352 /* Sms.h */,
				3B4676B499704BA3930FD3DD /* OneSignalPush.m */,
				2F7611B5DD1B432D88202E0B /* OneSignalPush.h */,
				D1BF46FA628A45C6B171280D /* CDVInAppBrowserOptions.m */,
				E38D7DC110F0412DBE8D3BE5 /* CDVInAppBrowserNavigationController.m */,
				60D85E5A7DAC480F97A28881 /* CDVWKInAppBrowser.m */,
				0CBA54D3C07544818816084C /* CDVWKInAppBrowserUIDelegate.m */,
				ABB0BAB4EDC44B8BA2C087E0 /* CDVInAppBrowserOptions.h */,
				195995C8DEDA4FD38DDF4224 /* CDVInAppBrowserNavigationController.h */,
				DCBADC6A4EE7408393527096 /* CDVWKInAppBrowser.h */,
				02607368A433457BBD500A7D /* CDVWKInAppBrowserUIDelegate.h */,
			);
			name = Plugins;
			path = Guest/Plugins;
			sourceTree = SOURCE_ROOT;
		};
		933D1F467997C71D05EBE17D /* Pods */ = {
			isa = PBXGroup;
			children = (
				E2A90BA6D90458603EADD555 /* Pods-Guest.debug.xcconfig */,
				DECDD6ED58413E9319B79CCE /* Pods-Guest.release.xcconfig */,
			);
			path = Pods;
			sourceTree = "<group>";
		};
		EB87FDF11871DA420020F90C /* Staging */ = {
			isa = PBXGroup;
			children = (
				F840E1F0165FE0F500CFE078 /* config.xml */,
				301BF56E109A69640062928A /* www */,
			);
			name = Staging;
			sourceTree = "<group>";
		};
/* End PBXGroup section */

/* Begin PBXNativeTarget section */
		1D6058900D05DD3D006BFB54 /* Guest */ = {
			isa = PBXNativeTarget;
			buildConfigurationList = 1D6058960D05DD3E006BFB54 /* Build configuration list for PBXNativeTarget "Guest" */;
			buildPhases = (
				26CDC9AFC0A5238AC9E46173 /* [CP] Check Pods Manifest.lock */,
				304B58A110DAC018002A0835 /* Copy www directory */,
				1D60588D0D05DD3D006BFB54 /* Resources */,
				1D60588E0D05DD3D006BFB54 /* Sources */,
				1D60588F0D05DD3D006BFB54 /* Frameworks */,
				8201D8285C1ADE6BFBF87272 /* [CP] Embed Pods Frameworks */,
			);
			buildRules = (
			);
			dependencies = (
				301BF551109A68C00062928A /* PBXTargetDependency */,
			);
			name = Guest;
			productName = Guest;
			productReference = 1D6058910D05DD3D006BFB54 /* Guest.app */;
			productType = "com.apple.product-type.application";
		};
/* End PBXNativeTarget section */

/* Begin PBXProject section */
		29B97313FDCFA39411CA2CEA /* Project object */ = {
			isa = PBXProject;
			attributes = {
				LastUpgradeCheck = 1130;
			};
			buildConfigurationList = C01FCF4E08A954540054247B /* Build configuration list for PBXProject "Guest" */;
			compatibilityVersion = "Xcode 10.0";
			developmentRegion = en;
			hasScannedForEncodings = 1;
			knownRegions = (
				en,
				Base,
			);
			mainGroup = 29B97314FDCFA39411CA2CEA /* CustomTemplate */;
			productRefGroup = 19C28FACFE9D520D11CA2CBB /* Products */;
			projectDirPath = "";
			projectReferences = (
				{
					ProductGroup = 301BF52E109A57CC0062928A /* Products */;
					ProjectRef = 301BF52D109A57CC0062928A /* CordovaLib.xcodeproj */;
				},
			);
			projectRoot = "";
			targets = (
				1D6058900D05DD3D006BFB54 /* Guest */,
			);
		};
/* End PBXProject section */

/* Begin PBXReferenceProxy section */
		301BF535109A57CC0062928A /* libCordova.a */ = {
			isa = PBXReferenceProxy;
			fileType = archive.ar;
			path = libCordova.a;
			remoteRef = 301BF534109A57CC0062928A /* PBXContainerItemProxy */;
			sourceTree = BUILT_PRODUCTS_DIR;
		};
		907D8124214C687600058A10 /* Cordova.framework */ = {
			isa = PBXReferenceProxy;
			fileType = wrapper.framework;
			path = Cordova.framework;
			remoteRef = 907D8123214C687600058A10 /* PBXContainerItemProxy */;
			sourceTree = BUILT_PRODUCTS_DIR;
		};
/* End PBXReferenceProxy section */

/* Begin PBXResourcesBuildPhase section */
		1D60588D0D05DD3D006BFB54 /* Resources */ = {
			isa = PBXResourcesBuildPhase;
			buildActionMask = 2147483647;
			files = (
				302D95F214D2391D003F00A1 /* MainViewController.xib in Resources */,
				0207DA581B56EA530066E2B4 /* Images.xcassets in Resources */,
				6AFF5BF91D6E424B00AB3073 /* CDVLaunchScreen.storyboard in Resources */,
				82F1EF29200E4CFF8112E482 /* GoogleService-Info.plist in Resources */,
			);
			runOnlyForDeploymentPostprocessing = 0;
		};
/* End PBXResourcesBuildPhase section */

/* Begin PBXShellScriptBuildPhase section */
		26CDC9AFC0A5238AC9E46173 /* [CP] Check Pods Manifest.lock */ = {
			isa = PBXShellScriptBuildPhase;
			buildActionMask = 2147483647;
			files = (
			);
			inputFileListPaths = (
			);
			inputPaths = (
				"${PODS_PODFILE_DIR_PATH}/Podfile.lock",
				"${PODS_ROOT}/Manifest.lock",
			);
			name = "[CP] Check Pods Manifest.lock";
			outputFileListPaths = (
			);
			outputPaths = (
				"$(DERIVED_FILE_DIR)/Pods-Guest-checkManifestLockResult.txt",
			);
			runOnlyForDeploymentPostprocessing = 0;
			shellPath = /bin/sh;
			shellScript = "diff \"${PODS_PODFILE_DIR_PATH}/Podfile.lock\" \"${PODS_ROOT}/Manifest.lock\" > /dev/null\nif [ $? != 0 ] ; then\n    # print error to STDERR\n    echo \"error: The sandbox is not in sync with the Podfile.lock. Run 'pod install' or update your CocoaPods installation.\" >&2\n    exit 1\nfi\n# This output is used by Xcode 'outputs' to avoid re-running this script phase.\necho \"SUCCESS\" > \"${SCRIPT_OUTPUT_FILE_0}\"\n";
			showEnvVarsInLog = 0;
		};
		304B58A110DAC018002A0835 /* Copy www directory */ = {
			isa = PBXShellScriptBuildPhase;
			buildActionMask = 2147483647;
			files = (
			);
			inputPaths = (
			);
			name = "Copy www directory";
			outputPaths = (
			);
			runOnlyForDeploymentPostprocessing = 0;
			shellPath = /bin/sh;
			shellScript = "\"$SRCROOT/Guest/Scripts/copy-www-build-step.sh\"";
			showEnvVarsInLog = 0;
		};
		8201D8285C1ADE6BFBF87272 /* [CP] Embed Pods Frameworks */ = {
			isa = PBXShellScriptBuildPhase;
			buildActionMask = 2147483647;
			files = (
			);
			inputFileListPaths = (
				"${PODS_ROOT}/Target Support Files/Pods-Guest/Pods-Guest-frameworks-${CONFIGURATION}-input-files.xcfilelist",
			);
			name = "[CP] Embed Pods Frameworks";
			outputFileListPaths = (
				"${PODS_ROOT}/Target Support Files/Pods-Guest/Pods-Guest-frameworks-${CONFIGURATION}-output-files.xcfilelist",
			);
			runOnlyForDeploymentPostprocessing = 0;
			shellPath = /bin/sh;
			shellScript = "\"${PODS_ROOT}/Target Support Files/Pods-Guest/Pods-Guest-frameworks.sh\"\n";
			showEnvVarsInLog = 0;
		};
/* End PBXShellScriptBuildPhase section */

/* Begin PBXSourcesBuildPhase section */
		1D60588E0D05DD3D006BFB54 /* Sources */ = {
			isa = PBXSourcesBuildPhase;
			buildActionMask = 2147483647;
			files = (
				1D60589B0D05DD56006BFB54 /* main.m in Sources */,
				1D3623260D0F684500981E51 /* AppDelegate.m in Sources */,
				302D95F114D2391D003F00A1 /* MainViewController.m in Sources */,
				C24A36941F6E4BC5A5BAC48C /* PhotoViewer.m in Sources */,
				EFCDC4BEBE984700B2B41C0B /* CDVClipboard.m in Sources */,
				AB67E869BF0746FE89C80CEF /* AppVersion.m in Sources */,
				999D59B158274D4A924BBCB4 /* UIImage+CropScaleOrientation.m in Sources */,
				89ED825ED87C4B91A4A91C00 /* CDVCamera.m in Sources */,
				881BDC0612474AF4817E821E /* CDVJpegHeaderWriter.m in Sources */,
				93A629C3C95F458CB25D1363 /* CDVContacts.m in Sources */,
				21C07EFE73204F5586761388 /* CDVContact.m in Sources */,
				E01C7F2F2FDE45F986AC1D24 /* CDVDevice.m in Sources */,
				CCD62CD88598421284423163 /* FacebookConnectPlugin.m in Sources */,
				7600CB7EC1C740AC9B39E392 /* FCMPlugin.m in Sources */,
				41BAE09DADE847D5923B7AE1 /* AppDelegate+FCMPlugin.m in Sources */,
				0EF65E89EC9B4E6EA3B79863 /* FCMPluginIOS9Support.m in Sources */,
				00A2A44117A84EB9BE564D22 /* FCMNotificationCenterDelegate.m in Sources */,
				953A977FD8E147159FAC8FC2 /* CDVIonicKeyboard.m in Sources */,
				1AB391F6253E4B01BA866F6A /* CDVWKWebViewEngine.m in Sources */,
				05EB3BCB838B419B91CDBF08 /* CDVWKWebViewUIDelegate.m in Sources */,
				885D8A8E7FF44D588DF779FB /* CDVWKProcessPoolFactory.m in Sources */,
				A18007E83B174609A50ED92E /* IONAssetHandler.m in Sources */,
				FD2E3EF108F1468A85B02AC6 /* CDVStatusBar.m in Sources */,
				9D2190A07AC741BB82CAE396 /* CordovaStripe.m in Sources */,
				DA0A595ED0964A23BB86DA5D /* UICKeyChainStore.m in Sources */,
				DE38FFC5AE4940E0A38E7611 /* CDVUniqueDeviceID.m in Sources */,
				DAA460D9A5D743B9BF56432E /* Sms.m in Sources */,
				EA91F0C359044459A5788B7E /* OneSignalPush.m in Sources */,
				3F0B3A2388794DFF8BB57A81 /* CDVInAppBrowserOptions.m in Sources */,
				B1B26E625E874CBF84505F8A /* CDVInAppBrowserNavigationController.m in Sources */,
				F60225D7A1624D00903C5BB6 /* CDVWKInAppBrowser.m in Sources */,
				950D99482AAE40DB80D238B9 /* CDVWKInAppBrowserUIDelegate.m in Sources */,
			);
			runOnlyForDeploymentPostprocessing = 0;
		};
/* End PBXSourcesBuildPhase section */

/* Begin PBXTargetDependency section */
		301BF551109A68C00062928A /* PBXTargetDependency */ = {
			isa = PBXTargetDependency;
			name = CordovaLib;
			targetProxy = 301BF550109A68C00062928A /* PBXContainerItemProxy */;
		};
/* End PBXTargetDependency section */

/* Begin XCBuildConfiguration section */
		1D6058940D05DD3E006BFB54 /* Debug */ = {
			isa = XCBuildConfiguration;
			baseConfigurationReference = 3047A50F1AB8059700498E2A /* build-debug.xcconfig */;
			buildSettings = {
				ALWAYS_SEARCH_USER_PATHS = NO;
				ASSETCATALOG_COMPILER_APPICON_NAME = AppIcon;
				CLANG_ENABLE_MODULES = YES;
				CLANG_ENABLE_OBJC_ARC = YES;
				CODE_SIGN_IDENTITY = "Apple Development";
				CODE_SIGN_STYLE = Automatic;
				COPY_PHASE_STRIP = NO;
				CURRENT_PROJECT_VERSION = 3.1.0;
				DEVELOPMENT_TEAM = 7XVF2M3FM2;
				FRAMEWORK_SEARCH_PATHS = (
					"$(inherited)",
					"\"Guest/Plugins/cordova-plugin-stripe\"",
				);
				GCC_DYNAMIC_NO_PIC = NO;
				GCC_OPTIMIZATION_LEVEL = 0;
				GCC_PRECOMPILE_PREFIX_HEADER = YES;
				GCC_PREFIX_HEADER = "Guest/Guest-Prefix.pch";
				GCC_THUMB_SUPPORT = NO;
				GCC_VERSION = "";
				INFOPLIST_FILE = "Guest/Guest-Info.plist";
				IPHONEOS_DEPLOYMENT_TARGET = 11.0;
				LD_RUNPATH_SEARCH_PATHS = "@executable_path/Frameworks";
				MARKETING_VERSION = 3.1.0;
				PRODUCT_BUNDLE_IDENTIFIER = com.guestreservations.guest03;
				PRODUCT_NAME = "$(TARGET_NAME)";
				PROVISIONING_PROFILE_SPECIFIER = "";
				TARGETED_DEVICE_FAMILY = "1,2";
				VALIDATE_WORKSPACE = NO;
			};
			name = Debug;
		};
		1D6058950D05DD3E006BFB54 /* Release */ = {
			isa = XCBuildConfiguration;
			baseConfigurationReference = 3047A5101AB8059700498E2A /* build-release.xcconfig */;
			buildSettings = {
				ALWAYS_SEARCH_USER_PATHS = NO;
				ASSETCATALOG_COMPILER_APPICON_NAME = AppIcon;
				CLANG_ENABLE_MODULES = YES;
				CLANG_ENABLE_OBJC_ARC = YES;
				CODE_SIGN_IDENTITY = "Apple Development";
				CODE_SIGN_STYLE = Automatic;
				COPY_PHASE_STRIP = YES;
				CURRENT_PROJECT_VERSION = 3.1.0;
				DEVELOPMENT_TEAM = 7XVF2M3FM2;
				FRAMEWORK_SEARCH_PATHS = (
					"$(inherited)",
					"\"Guest/Plugins/cordova-plugin-stripe\"",
				);
				GCC_PRECOMPILE_PREFIX_HEADER = YES;
				GCC_PREFIX_HEADER = "Guest/Guest-Prefix.pch";
				GCC_THUMB_SUPPORT = NO;
				GCC_VERSION = "";
				INFOPLIST_FILE = "Guest/Guest-Info.plist";
				IPHONEOS_DEPLOYMENT_TARGET = 11.0;
				LD_RUNPATH_SEARCH_PATHS = "@executable_path/Frameworks";
				MARKETING_VERSION = 3.1.0;
				PRODUCT_BUNDLE_IDENTIFIER = com.guestreservations.guest03;
				PRODUCT_NAME = "$(TARGET_NAME)";
				PROVISIONING_PROFILE_SPECIFIER = "";
				TARGETED_DEVICE_FAMILY = "1,2";
				VALIDATE_WORKSPACE = NO;
			};
			name = Release;
		};
		C01FCF4F08A954540054247B /* Debug */ = {
			isa = XCBuildConfiguration;
			baseConfigurationReference = 3047A5111AB8059700498E2A /* build.xcconfig */;
			buildSettings = {
				CLANG_ANALYZER_LOCALIZABILITY_NONLOCALIZED = YES;
				CLANG_ENABLE_MODULES = YES;
				CLANG_ENABLE_OBJC_ARC = YES;
				CLANG_WARN_BLOCK_CAPTURE_AUTORELEASING = YES;
				CLANG_WARN_BOOL_CONVERSION = YES;
				CLANG_WARN_COMMA = YES;
				CLANG_WARN_CONSTANT_CONVERSION = YES;
				CLANG_WARN_DEPRECATED_OBJC_IMPLEMENTATIONS = YES;
				CLANG_WARN_EMPTY_BODY = YES;
				CLANG_WARN_ENUM_CONVERSION = YES;
				CLANG_WARN_INFINITE_RECURSION = YES;
				CLANG_WARN_INT_CONVERSION = YES;
				CLANG_WARN_NON_LITERAL_NULL_CONVERSION = YES;
				CLANG_WARN_OBJC_IMPLICIT_RETAIN_SELF = YES;
				CLANG_WARN_OBJC_LITERAL_CONVERSION = YES;
				CLANG_WARN_RANGE_LOOP_ANALYSIS = YES;
				CLANG_WARN_STRICT_PROTOTYPES = YES;
				CLANG_WARN_SUSPICIOUS_MOVE = YES;
				CLANG_WARN_UNREACHABLE_CODE = YES;
				CLANG_WARN__DUPLICATE_METHOD_MATCH = YES;
				ENABLE_STRICT_OBJC_MSGSEND = YES;
				ENABLE_TESTABILITY = YES;
				GCC_C_LANGUAGE_STANDARD = c99;
				GCC_NO_COMMON_BLOCKS = YES;
				GCC_THUMB_SUPPORT = NO;
				GCC_VERSION = "";
				GCC_WARN_64_TO_32_BIT_CONVERSION = YES;
				GCC_WARN_ABOUT_RETURN_TYPE = YES;
				GCC_WARN_UNDECLARED_SELECTOR = YES;
				GCC_WARN_UNINITIALIZED_AUTOS = YES;
				GCC_WARN_UNUSED_FUNCTION = YES;
				GCC_WARN_UNUSED_VARIABLE = YES;
				IPHONEOS_DEPLOYMENT_TARGET = 11.0;
				ONLY_ACTIVE_ARCH = YES;
				SDKROOT = iphoneos;
				SKIP_INSTALL = NO;
				WK_WEB_VIEW_ONLY = 1;
			};
			name = Debug;
		};
		C01FCF5008A954540054247B /* Release */ = {
			isa = XCBuildConfiguration;
			baseConfigurationReference = 3047A5111AB8059700498E2A /* build.xcconfig */;
			buildSettings = {
				CLANG_ANALYZER_LOCALIZABILITY_NONLOCALIZED = YES;
				CLANG_ENABLE_MODULES = YES;
				CLANG_ENABLE_OBJC_ARC = YES;
				CLANG_WARN_BLOCK_CAPTURE_AUTORELEASING = YES;
				CLANG_WARN_BOOL_CONVERSION = YES;
				CLANG_WARN_COMMA = YES;
				CLANG_WARN_CONSTANT_CONVERSION = YES;
				CLANG_WARN_DEPRECATED_OBJC_IMPLEMENTATIONS = YES;
				CLANG_WARN_EMPTY_BODY = YES;
				CLANG_WARN_ENUM_CONVERSION = YES;
				CLANG_WARN_INFINITE_RECURSION = YES;
				CLANG_WARN_INT_CONVERSION = YES;
				CLANG_WARN_NON_LITERAL_NULL_CONVERSION = YES;
				CLANG_WARN_OBJC_IMPLICIT_RETAIN_SELF = YES;
				CLANG_WARN_OBJC_LITERAL_CONVERSION = YES;
				CLANG_WARN_RANGE_LOOP_ANALYSIS = YES;
				CLANG_WARN_STRICT_PROTOTYPES = YES;
				CLANG_WARN_SUSPICIOUS_MOVE = YES;
				CLANG_WARN_UNREACHABLE_CODE = YES;
				CLANG_WARN__DUPLICATE_METHOD_MATCH = YES;
				ENABLE_STRICT_OBJC_MSGSEND = YES;
				GCC_C_LANGUAGE_STANDARD = c99;
				GCC_NO_COMMON_BLOCKS = YES;
				GCC_THUMB_SUPPORT = NO;
				GCC_VERSION = "";
				GCC_WARN_64_TO_32_BIT_CONVERSION = YES;
				GCC_WARN_ABOUT_RETURN_TYPE = YES;
				GCC_WARN_UNDECLARED_SELECTOR = YES;
				GCC_WARN_UNINITIALIZED_AUTOS = YES;
				GCC_WARN_UNUSED_FUNCTION = YES;
				GCC_WARN_UNUSED_VARIABLE = YES;
				IPHONEOS_DEPLOYMENT_TARGET = 11.0;
				SDKROOT = iphoneos;
				SKIP_INSTALL = NO;
				WK_WEB_VIEW_ONLY = 1;
			};
			name = Release;
		};
/* End XCBuildConfiguration section */

/* Begin XCConfigurationList section */
		1D6058960D05DD3E006BFB54 /* Build configuration list for PBXNativeTarget "Guest" */ = {
			isa = XCConfigurationList;
			buildConfigurations = (
				1D6058940D05DD3E006BFB54 /* Debug */,
				1D6058950D05DD3E006BFB54 /* Release */,
			);
			defaultConfigurationIsVisible = 0;
			defaultConfigurationName = Release;
		};
		C01FCF4E08A954540054247B /* Build configuration list for PBXProject "Guest" */ = {
			isa = XCConfigurationList;
			buildConfigurations = (
				C01FCF4F08A954540054247B /* Debug */,
				C01FCF5008A954540054247B /* Release */,
			);
			defaultConfigurationIsVisible = 0;
			defaultConfigurationName = Release;
		};
/* End XCConfigurationList section */
	};
	rootObject = 29B97313FDCFA39411CA2CEA /* Project object */;
}
